
Microsoft Visual Studio Solution File, Format Version 12.00
# Visual Studio Version 17
VisualStudioVersion = 17.5.33530.505
MinimumVisualStudioVersion = 10.0.40219.1
Project("{FAE04EC0-301F-11D3-BF4B-00C04F79EFBC}") = "learn-窗体", "learn-窗体\learn-窗体.csproj", "{38110E70-FE59-45C7-8495-722D19A54F3F}"
EndProject
Global
	GlobalSection(SolutionConfigurationPlatforms) = preSolution
		Debug|Any CPU = Debug|Any CPU
		Release|Any CPU = Release|Any CPU
	EndGlobalSection
	GlobalSection(ProjectConfigurationPlatforms) = postSolution
		{38110E70-FE59-45C7-8495-722D19A54F3F}.Debug|Any CPU.ActiveCfg = Debug|Any CPU
		{38110E70-FE59-45C7-8495-722D19A54F3F}.Debug|Any CPU.Build.0 = Debug|Any CPU
		{38110E70-FE59-45C7-8495-722D19A54F3F}.Release|Any CPU.ActiveCfg = Release|Any CPU
		{38110E70-FE59-45C7-8495-722D19A54F3F}.Release|Any CPU.Build.0 = Release|Any CPU
	EndGlobalSection
	GlobalSection(SolutionProperties) = preSolution
		HideSolutionNode = FALSE
	EndGlobalSection
	GlobalSection(ExtensibilityGlobals) = postSolution
		SolutionGuid = {F46B5C70-2D24-4983-B079-F977F6DDD921}
	EndGlobalSection
EndGlobal
